
Microsoft Visual Studio Solution File, Format Version 12.00
# Visual Studio Version 17
VisualStudioVersion = 17.2.32516.85
MinimumVisualStudioVersion = 10.0.40219.1
Project("{9A19103F-16F7-4668-BE54-9A1E7A4F7556}") = "AdventCalendar.Console", "AdventCalendar.Console\AdventCalendar.Console.csproj", "{08E32047-62EF-4A95-A6E8-7FFD84AEB090}"
EndProject
Project("{2150E333-8FDC-42A3-9474-1A3956D46DE8}") = "test", "test", "{5143CBAF-12EA-40A9-9370-4D441AF8D603}"
EndProject
Project("{9A19103F-16F7-4668-BE54-9A1E7A4F7556}") = "AdventCalendar.UnitTests", "AdventCalendar.UnitTests\AdventCalendar.UnitTests.csproj", "{5F725B4D-B909-4527-8FF3-F8DEA9E8670D}"
EndProject
Project("{FAE04EC0-301F-11D3-BF4B-00C04F79EFBC}") = "AdventCalendar.IntegrationTests", "AdventCalendar.IntegrationTests\AdventCalendar.IntegrationTests.csproj", "{4462F816-5A54-4141-9186-6D12968AA72C}"
EndProject
Project("{2150E333-8FDC-42A3-9474-1A3956D46DE8}") = "Solution Items", "Solution Items", "{FE2D2F07-7A0F-4F93-AF4F-08995F1A0538}"
	ProjectSection(SolutionItems) = preProject
		.gitignore = .gitignore
	EndProjectSection
EndProject
Global
	GlobalSection(SolutionConfigurationPlatforms) = preSolution
		Debug|Any CPU = Debug|Any CPU
		Release|Any CPU = Release|Any CPU
	EndGlobalSection
	GlobalSection(ProjectConfigurationPlatforms) = postSolution
		{08E32047-62EF-4A95-A6E8-7FFD84AEB090}.Debug|Any CPU.ActiveCfg = Debug|Any CPU
		{08E32047-62EF-4A95-A6E8-7FFD84AEB090}.Debug|Any CPU.Build.0 = Debug|Any CPU
		{08E32047-62EF-4A95-A6E8-7FFD84AEB090}.Release|Any CPU.ActiveCfg = Release|Any CPU
		{08E32047-62EF-4A95-A6E8-7FFD84AEB090}.Release|Any CPU.Build.0 = Release|Any CPU
		{5F725B4D-B909-4527-8FF3-F8DEA9E8670D}.Debug|Any CPU.ActiveCfg = Debug|Any CPU
		{5F725B4D-B909-4527-8FF3-F8DEA9E8670D}.Debug|Any CPU.Build.0 = Debug|Any CPU
		{5F725B4D-B909-4527-8FF3-F8DEA9E8670D}.Release|Any CPU.ActiveCfg = Release|Any CPU
		{5F725B4D-B909-4527-8FF3-F8DEA9E8670D}.Release|Any CPU.Build.0 = Release|Any CPU
		{4462F816-5A54-4141-9186-6D12968AA72C}.Debug|Any CPU.ActiveCfg = Debug|Any CPU
		{4462F816-5A54-4141-9186-6D12968AA72C}.Debug|Any CPU.Build.0 = Debug|Any CPU
		{4462F816-5A54-4141-9186-6D12968AA72C}.Release|Any CPU.ActiveCfg = Release|Any CPU
		{4462F816-5A54-4141-9186-6D12968AA72C}.Release|Any CPU.Build.0 = Release|Any CPU
	EndGlobalSection
	GlobalSection(SolutionProperties) = preSolution
		HideSolutionNode = FALSE
	EndGlobalSection
	GlobalSection(NestedProjects) = preSolution
		{5F725B4D-B909-4527-8FF3-F8DEA9E8670D} = {5143CBAF-12EA-40A9-9370-4D441AF8D603}
		{4462F816-5A54-4141-9186-6D12968AA72C} = {5143CBAF-12EA-40A9-9370-4D441AF8D603}
	EndGlobalSection
	GlobalSection(ExtensibilityGlobals) = postSolution
		SolutionGuid = {B521BAC7-98D8-4FE0-8A3D-07E1159D853D}
	EndGlobalSection
EndGlobal
